// !$*UTF8*$!
{
	archiveVersion = 1;
	classes = {
	};
	objectVersion = 50;
	objects = {

/* Begin PBXBuildFile section */
		3027B5E620CE3D87002F3839 /* NoteViewController.swift in Sources */ = {isa = PBXBuildFile; fileRef = 3027B5E520CE3D87002F3839 /* NoteViewController.swift */; };
		3027B5E920CE616A002F3839 /* EditorViewController.swift in Sources */ = {isa = PBXBuildFile; fileRef = 3027B5E820CE616A002F3839 /* EditorViewController.swift */; };
		3031762120CCDCA000190350 /* NoteCell.swift in Sources */ = {isa = PBXBuildFile; fileRef = 3031762020CCDCA000190350 /* NoteCell.swift */; };
		304B34BC20C6AC9E009116BF /* AppDelegate.swift in Sources */ = {isa = PBXBuildFile; fileRef = 304B34BB20C6AC9E009116BF /* AppDelegate.swift */; };
		304B34C120C6AC9E009116BF /* Main.storyboard in Resources */ = {isa = PBXBuildFile; fileRef = 304B34BF20C6AC9E009116BF /* Main.storyboard */; };
		304B34C320C6ACA1009116BF /* Assets.xcassets in Resources */ = {isa = PBXBuildFile; fileRef = 304B34C220C6ACA1009116BF /* Assets.xcassets */; };
		304B34C620C6ACA1009116BF /* LaunchScreen.storyboard in Resources */ = {isa = PBXBuildFile; fileRef = 304B34C420C6ACA1009116BF /* LaunchScreen.storyboard */; };
		304B34CE20C6AF78009116BF /* NoteListTableViewController.swift in Sources */ = {isa = PBXBuildFile; fileRef = 304B34CD20C6AF78009116BF /* NoteListTableViewController.swift */; };
		304B34D020C6B1AB009116BF /* NoteItem.swift in Sources */ = {isa = PBXBuildFile; fileRef = 304B34CF20C6B1AB009116BF /* NoteItem.swift */; };
		304B34D220C6B88A009116BF /* NoteStore.swift in Sources */ = {isa = PBXBuildFile; fileRef = 304B34D120C6B88A009116BF /* NoteStore.swift */; };
/* End PBXBuildFile section */

/* Begin PBXFileReference section */
		3027B5E520CE3D87002F3839 /* NoteViewController.swift */ = {isa = PBXFileReference; lastKnownFileType = sourcecode.swift; path = NoteViewController.swift; sourceTree = "<group>"; };
		3027B5E820CE616A002F3839 /* EditorViewController.swift */ = {isa = PBXFileReference; lastKnownFileType = sourcecode.swift; path = EditorViewController.swift; sourceTree = "<group>"; };
		3031762020CCDCA000190350 /* NoteCell.swift */ = {isa = PBXFileReference; lastKnownFileType = sourcecode.swift; path = NoteCell.swift; sourceTree = "<group>"; };
		304B34B820C6AC9E009116BF /* rsb_notes.app */ = {isa = PBXFileReference; explicitFileType = wrapper.application; includeInIndex = 0; path = rsb_notes.app; sourceTree = BUILT_PRODUCTS_DIR; };
		304B34BB20C6AC9E009116BF /* AppDelegate.swift */ = {isa = PBXFileReference; lastKnownFileType = sourcecode.swift; path = AppDelegate.swift; sourceTree = "<group>"; };
		304B34C020C6AC9E009116BF /* Base */ = {isa = PBXFileReference; lastKnownFileType = file.storyboard; name = Base; path = Base.lproj/Main.storyboard; sourceTree = "<group>"; };
		304B34C220C6ACA1009116BF /* Assets.xcassets */ = {isa = PBXFileReference; lastKnownFileType = folder.assetcatalog; path = Assets.xcassets; sourceTree = "<group>"; };
		304B34C520C6ACA1009116BF /* Base */ = {isa = PBXFileReference; lastKnownFileType = file.storyboard; name = Base; path = Base.lproj/LaunchScreen.storyboard; sourceTree = "<group>"; };
		304B34C720C6ACA1009116BF /* Info.plist */ = {isa = PBXFileReference; lastKnownFileType = text.plist.xml; path = Info.plist; sourceTree = "<group>"; };
		304B34CD20C6AF78009116BF /* NoteListTableViewController.swift */ = {isa = PBXFileReference; lastKnownFileType = sourcecode.swift; path = NoteListTableViewController.swift; sourceTree = "<group>"; };
		304B34CF20C6B1AB009116BF /* NoteItem.swift */ = {isa = PBXFileReference; lastKnownFileType = sourcecode.swift; path = NoteItem.swift; sourceTree = "<group>"; };
		304B34D120C6B88A009116BF /* NoteStore.swift */ = {isa = PBXFileReference; lastKnownFileType = sourcecode.swift; path = NoteStore.swift; sourceTree = "<group>"; };
/* End PBXFileReference section */

/* Begin PBXFrameworksBuildPhase section */
		304B34B520C6AC9E009116BF /* Frameworks */ = {
			isa = PBXFrameworksBuildPhase;
			buildActionMask = 2147483647;
			files = (
			);
			runOnlyForDeploymentPostprocessing = 0;
		};
/* End PBXFrameworksBuildPhase section */

/* Begin PBXGroup section */
		3027B5E420CE3D45002F3839 /* detail */ = {
			isa = PBXGroup;
			children = (
				3027B5E520CE3D87002F3839 /* NoteViewController.swift */,
			);
			path = detail;
			sourceTree = "<group>";
		};
		3027B5E720CE6139002F3839 /* editor */ = {
			isa = PBXGroup;
			children = (
				3027B5E820CE616A002F3839 /* EditorViewController.swift */,
			);
			path = editor;
			sourceTree = "<group>";
		};
		3031762220CCDCB100190350 /* app */ = {
			isa = PBXGroup;
			children = (
				304B34C220C6ACA1009116BF /* Assets.xcassets */,
				304B34BB20C6AC9E009116BF /* AppDelegate.swift */,
				304B34C420C6ACA1009116BF /* LaunchScreen.storyboard */,
			);
			path = app;
			sourceTree = "<group>";
		};
		3031762320CCDCE800190350 /* notelist */ = {
			isa = PBXGroup;
			children = (
				304B34CD20C6AF78009116BF /* NoteListTableViewController.swift */,
				3031762020CCDCA000190350 /* NoteCell.swift */,
			);
			path = notelist;
			sourceTree = "<group>";
		};
		3031762420CCDD3F00190350 /* repo */ = {
			isa = PBXGroup;
			children = (
				304B34CF20C6B1AB009116BF /* NoteItem.swift */,
				304B34D120C6B88A009116BF /* NoteStore.swift */,
			);
			path = repo;
			sourceTree = "<group>";
		};
		304B34AF20C6AC9E009116BF = {
			isa = PBXGroup;
			children = (
				304B34BA20C6AC9E009116BF /* rsb_notes */,
				304B34B920C6AC9E009116BF /* Products */,
			);
			sourceTree = "<group>";
		};
		304B34B920C6AC9E009116BF /* Products */ = {
			isa = PBXGroup;
			children = (
				304B34B820C6AC9E009116BF /* rsb_notes.app */,
			);
			name = Products;
			sourceTree = "<group>";
		};
		304B34BA20C6AC9E009116BF /* rsb_notes */ = {
			isa = PBXGroup;
			children = (
				3031762420CCDD3F00190350 /* repo */,
				3031762220CCDCB100190350 /* app */,
				3031762320CCDCE800190350 /* notelist */,
				3027B5E420CE3D45002F3839 /* detail */,
				3027B5E720CE6139002F3839 /* editor */,
				304B34BF20C6AC9E009116BF /* Main.storyboard */,
				304B34C720C6ACA1009116BF /* Info.plist */,
			);
			path = rsb_notes;
			sourceTree = "<group>";
		};
/* End PBXGroup section */

/* Begin PBXNativeTarget section */
		304B34B720C6AC9E009116BF /* rsb_notes */ = {
			isa = PBXNativeTarget;
			buildConfigurationList = 304B34CA20C6ACA1009116BF /* Build configuration list for PBXNativeTarget "rsb_notes" */;
			buildPhases = (
				304B34B420C6AC9E009116BF /* Sources */,
				304B34B520C6AC9E009116BF /* Frameworks */,
				304B34B620C6AC9E009116BF /* Resources */,
			);
			buildRules = (
			);
			dependencies = (
			);
			name = rsb_notes;
			productName = rsb_notes;
			productReference = 304B34B820C6AC9E009116BF /* rsb_notes.app */;
			productType = "com.apple.product-type.application";
		};
/* End PBXNativeTarget section */

/* Begin PBXProject section */
		304B34B020C6AC9E009116BF /* Project object */ = {
			isa = PBXProject;
			attributes = {
				LastSwiftUpdateCheck = 0930;
				LastUpgradeCheck = 0930;
				ORGANIZATIONNAME = "Roman Brazhnikov";
				TargetAttributes = {
					304B34B720C6AC9E009116BF = {
						CreatedOnToolsVersion = 9.3.1;
						LastSwiftMigration = 1000;
					};
				};
			};
			buildConfigurationList = 304B34B320C6AC9E009116BF /* Build configuration list for PBXProject "rsb_notes" */;
			compatibilityVersion = "Xcode 9.3";
			developmentRegion = en;
			hasScannedForEncodings = 0;
			knownRegions = (
				en,
				Base,
			);
			mainGroup = 304B34AF20C6AC9E009116BF;
			productRefGroup = 304B34B920C6AC9E009116BF /* Products */;
			projectDirPath = "";
			projectRoot = "";
			targets = (
				304B34B720C6AC9E009116BF /* rsb_notes */,
			);
		};
/* End PBXProject section */

/* Begin PBXResourcesBuildPhase section */
		304B34B620C6AC9E009116BF /* Resources */ = {
			isa = PBXResourcesBuildPhase;
			buildActionMask = 2147483647;
			files = (
				304B34C620C6ACA1009116BF /* LaunchScreen.storyboard in Resources */,
				304B34C320C6ACA1009116BF /* Assets.xcassets in Resources */,
				304B34C120C6AC9E009116BF /* Main.storyboard in Resources */,
			);
			runOnlyForDeploymentPostprocessing = 0;
		};
/* End PBXResourcesBuildPhase section */

/* Begin PBXSourcesBuildPhase section */
		304B34B420C6AC9E009116BF /* Sources */ = {
			isa = PBXSourcesBuildPhase;
			buildActionMask = 2147483647;
			files = (
				304B34D020C6B1AB009116BF /* NoteItem.swift in Sources */,
				304B34D220C6B88A009116BF /* NoteStore.swift in Sources */,
				3031762120CCDCA000190350 /* NoteCell.swift in Sources */,
				3027B5E620CE3D87002F3839 /* NoteViewController.swift in Sources */,
				304B34BC20C6AC9E009116BF /* AppDelegate.swift in Sources */,
				304B34CE20C6AF78009116BF /* NoteListTableViewController.swift in Sources */,
				3027B5E920CE616A002F3839 /* EditorViewController.swift in Sources */,
			);
			runOnlyForDeploymentPostprocessing = 0;
		};
/* End PBXSourcesBuildPhase section */

/* Begin PBXVariantGroup section */
		304B34BF20C6AC9E009116BF /* Main.storyboard */ = {
			isa = PBXVariantGroup;
			children = (
				304B34C020C6AC9E009116BF /* Base */,
			);
			name = Main.storyboard;
			sourceTree = "<group>";
		};
		304B34C420C6ACA1009116BF /* LaunchScreen.storyboard */ = {
			isa = PBXVariantGroup;
			children = (
				304B34C520C6ACA1009116BF /* Base */,
			);
			name = LaunchScreen.storyboard;
			sourceTree = "<group>";
		};
/* End PBXVariantGroup section */

/* Begin XCBuildConfiguration section */
		304B34C820C6ACA1009116BF /* Debug */ = {
			isa = XCBuildConfiguration;
			buildSettings = {
				ALWAYS_SEARCH_USER_PATHS = NO;
				CLANG_ANALYZER_NONNULL = YES;
				CLANG_ANALYZER_NUMBER_OBJECT_CONVERSION = YES_AGGRESSIVE;
				CLANG_CXX_LANGUAGE_STANDARD = "gnu++14";
				CLANG_CXX_LIBRARY = "libc++";
				CLANG_ENABLE_MODULES = YES;
				CLANG_ENABLE_OBJC_ARC = YES;
				CLANG_ENABLE_OBJC_WEAK = YES;
				CLANG_WARN_BLOCK_CAPTURE_AUTORELEASING = YES;
				CLANG_WARN_BOOL_CONVERSION = YES;
				CLANG_WARN_COMMA = YES;
				CLANG_WARN_CONSTANT_CONVERSION = YES;
				CLANG_WARN_DEPRECATED_OBJC_IMPLEMENTATIONS = YES;
				CLANG_WARN_DIRECT_OBJC_ISA_USAGE = YES_ERROR;
				CLANG_WARN_DOCUMENTATION_COMMENTS = YES;
				CLANG_WARN_EMPTY_BODY = YES;
				CLANG_WARN_ENUM_CONVERSION = YES;
				CLANG_WARN_INFINITE_RECURSION = YES;
				CLANG_WARN_INT_CONVERSION = YES;
				CLANG_WARN_NON_LITERAL_NULL_CONVERSION = YES;
				CLANG_WARN_OBJC_IMPLICIT_RETAIN_SELF = YES;
				CLANG_WARN_OBJC_LITERAL_CONVERSION = YES;
				CLANG_WARN_OBJC_ROOT_CLASS = YES_ERROR;
				CLANG_WARN_RANGE_LOOP_ANALYSIS = YES;
				CLANG_WARN_STRICT_PROTOTYPES = YES;
				CLANG_WARN_SUSPICIOUS_MOVE = YES;
				CLANG_WARN_UNGUARDED_AVAILABILITY = YES_AGGRESSIVE;
				CLANG_WARN_UNREACHABLE_CODE = YES;
				CLANG_WARN__DUPLICATE_METHOD_MATCH = YES;
				CODE_SIGN_IDENTITY = "iPhone Developer";
				COPY_PHASE_STRIP = NO;
				DEBUG_INFORMATION_FORMAT = dwarf;
				ENABLE_STRICT_OBJC_MSGSEND = YES;
				ENABLE_TESTABILITY = YES;
				GCC_C_LANGUAGE_STANDARD = gnu11;
				GCC_DYNAMIC_NO_PIC = NO;
				GCC_NO_COMMON_BLOCKS = YES;
				GCC_OPTIMIZATION_LEVEL = 0;
				GCC_PREPROCESSOR_DEFINITIONS = (
					"DEBUG=1",
					"$(inherited)",
				);
				GCC_WARN_64_TO_32_BIT_CONVERSION = YES;
				GCC_WARN_ABOUT_RETURN_TYPE = YES_ERROR;
				GCC_WARN_UNDECLARED_SELECTOR = YES;
				GCC_WARN_UNINITIALIZED_AUTOS = YES_AGGRESSIVE;
				GCC_WARN_UNUSED_FUNCTION = YES;
				GCC_WARN_UNUSED_VARIABLE = YES;
				IPHONEOS_DEPLOYMENT_TARGET = 10.0;
				MTL_ENABLE_DEBUG_INFO = YES;
				ONLY_ACTIVE_ARCH = YES;
				SDKROOT = iphoneos;
				SWIFT_ACTIVE_COMPILATION_CONDITIONS = DEBUG;
				SWIFT_OPTIMIZATION_LEVEL = "-Onone";
			};
			name = Debug;
		};
		304B34C920C6ACA1009116BF /* Release */ = {
			isa = XCBuildConfiguration;
			buildSettings = {
				ALWAYS_SEARCH_USER_PATHS = NO;
				CLANG_ANALYZER_NONNULL = YES;
				CLANG_ANALYZER_NUMBER_OBJECT_CONVERSION = YES_AGGRESSIVE;
				CLANG_CXX_LANGUAGE_STANDARD = "gnu++14";
				CLANG_CXX_LIBRARY = "libc++";
				CLANG_ENABLE_MODULES = YES;
				CLANG_ENABLE_OBJC_ARC = YES;
				CLANG_ENABLE_OBJC_WEAK = YES;
				CLANG_WARN_BLOCK_CAPTURE_AUTORELEASING = YES;
				CLANG_WARN_BOOL_CONVERSION = YES;
				CLANG_WARN_COMMA = YES;
				CLANG_WARN_CONSTANT_CONVERSION = YES;
				CLANG_WARN_DEPRECATED_OBJC_IMPLEMENTATIONS = YES;
				CLANG_WARN_DIRECT_OBJC_ISA_USAGE = YES_ERROR;
				CLANG_WARN_DOCUMENTATION_COMMENTS = YES;
				CLANG_WARN_EMPTY_BODY = YES;
				CLANG_WARN_ENUM_CONVERSION = YES;
				CLANG_WARN_INFINITE_RECURSION = YES;
				CLANG_WARN_INT_CONVERSION = YES;
				CLANG_WARN_NON_LITERAL_NULL_CONVERSION = YES;
				CLANG_WARN_OBJC_IMPLICIT_RETAIN_SELF = YES;
				CLANG_WARN_OBJC_LITERAL_CONVERSION = YES;
				CLANG_WARN_OBJC_ROOT_CLASS = YES_ERROR;
				CLANG_WARN_RANGE_LOOP_ANALYSIS = YES;
				CLANG_WARN_STRICT_PROTOTYPES = YES;
				CLANG_WARN_SUSPICIOUS_MOVE = YES;
				CLANG_WARN_UNGUARDED_AVAILABILITY = YES_AGGRESSIVE;
				CLANG_WARN_UNREACHABLE_CODE = YES;
				CLANG_WARN__DUPLICATE_METHOD_MATCH = YES;
				CODE_SIGN_IDENTITY = "iPhone Developer";
				COPY_PHASE_STRIP = NO;
				DEBUG_INFORMATION_FORMAT = "dwarf-with-dsym";
				ENABLE_NS_ASSERTIONS = NO;
				ENABLE_STRICT_OBJC_MSGSEND = YES;
				GCC_C_LANGUAGE_STANDARD = gnu11;
				GCC_NO_COMMON_BLOCKS = YES;
				GCC_WARN_64_TO_32_BIT_CONVERSION = YES;
				GCC_WARN_ABOUT_RETURN_TYPE = YES_ERROR;
				GCC_WARN_UNDECLARED_SELECTOR = YES;
				GCC_WARN_UNINITIALIZED_AUTOS = YES_AGGRESSIVE;
				GCC_WARN_UNUSED_FUNCTION = YES;
				GCC_WARN_UNUSED_VARIABLE = YES;
				IPHONEOS_DEPLOYMENT_TARGET = 10.0;
				MTL_ENABLE_DEBUG_INFO = NO;
				SDKROOT = iphoneos;
				SWIFT_COMPILATION_MODE = wholemodule;
				SWIFT_OPTIMIZATION_LEVEL = "-O";
				VALIDATE_PRODUCT = YES;
			};
			name = Release;
		};
		304B34CB20C6ACA1009116BF /* Debug */ = {
			isa = XCBuildConfiguration;
			buildSettings = {
				ASSETCATALOG_COMPILER_APPICON_NAME = AppIcon;
				CODE_SIGN_STYLE = Automatic;
				INFOPLIST_FILE = rsb_notes/Info.plist;
				LD_RUNPATH_SEARCH_PATHS = (
					"$(inherited)",
					"@executable_path/Frameworks",
				);
				PRODUCT_BUNDLE_IDENTIFIER = "ru.romanbrazhnikov.rsb-notes";
				PRODUCT_NAME = "$(TARGET_NAME)";
				SWIFT_VERSION = 4.2;
				TARGETED_DEVICE_FAMILY = "1,2";
			};
			name = Debug;
		};
		304B34CC20C6ACA1009116BF /* Release */ = {
			isa = XCBuildConfiguration;
			buildSettings = {
				ASSETCATALOG_COMPILER_APPICON_NAME = AppIcon;
				CODE_SIGN_STYLE = Automatic;
				INFOPLIST_FILE = rsb_notes/Info.plist;
				LD_RUNPATH_SEARCH_PATHS = (
					"$(inherited)",
					"@executable_path/Frameworks",
				);
				PRODUCT_BUNDLE_IDENTIFIER = "ru.romanbrazhnikov.rsb-notes";
				PRODUCT_NAME = "$(TARGET_NAME)";
				SWIFT_VERSION = 4.2;
				TARGETED_DEVICE_FAMILY = "1,2";
			};
			name = Release;
		};
/* End XCBuildConfiguration section */

/* Begin XCConfigurationList section */
		304B34B320C6AC9E009116BF /* Build configuration list for PBXProject "rsb_notes" */ = {
			isa = XCConfigurationList;
			buildConfigurations = (
				304B34C820C6ACA1009116BF /* Debug */,
				304B34C920C6ACA1009116BF /* Release */,
			);
			defaultConfigurationIsVisible = 0;
			defaultConfigurationName = Release;
		};
		304B34CA20C6ACA1009116BF /* Build configuration list for PBXNativeTarget "rsb_notes" */ = {
			isa = XCConfigurationList;
			buildConfigurations = (
				304B34CB20C6ACA1009116BF /* Debug */,
				304B34CC20C6ACA1009116BF /* Release */,
			);
			defaultConfigurationIsVisible = 0;
			defaultConfigurationName = Release;
		};
/* End XCConfigurationList section */
	};
	rootObject = 304B34B020C6AC9E009116BF /* Project object */;
}
